# Generated by pub
# See https://dart.dev/tools/pub/glossary#lockfile
packages:
  after_layout:
    dependency: transitive
    description:
      name: after_layout
      url: "https://pub.dartlang.org"
    source: hosted
    version: "1.0.7+2"
  archive:
    dependency: transitive
    description:
      name: archive
      url: "https://pub.dartlang.org"
    source: hosted
    version: "2.0.13"
  args:
    dependency: transitive
    description:
      name: args
      url: "https://pub.dartlang.org"
    source: hosted
    version: "1.6.0"
  async:
    dependency: transitive
    description:
      name: async
      url: "https://pub.dartlang.org"
    source: hosted
    version: "2.4.1"
  boolean_selector:
    dependency: transitive
    description:
      name: boolean_selector
      url: "https://pub.dartlang.org"
    source: hosted
    version: "2.0.0"
  charcode:
    dependency: transitive
    description:
      name: charcode
      url: "https://pub.dartlang.org"
    source: hosted
    version: "1.1.3"
  collection:
    dependency: transitive
    description:
      name: collection
      url: "https://pub.dartlang.org"
    source: hosted
    version: "1.14.12"
  convert:
    dependency: transitive
    description:
      name: convert
      url: "https://pub.dartlang.org"
    source: hosted
    version: "2.1.1"
  country_code_picker:
    dependency: "direct main"
    description:
      name: country_code_picker
      url: "https://pub.dartlang.org"
    source: hosted
    version: "1.3.15"
  crypto:
    dependency: transitive
    description:
      name: crypto
      url: "https://pub.dartlang.org"
    source: hosted
    version: "2.1.4"
  cupertino_icons:
    dependency: "direct main"
    description:
      name: cupertino_icons
      url: "https://pub.dartlang.org"
    source: hosted
    version: "0.1.3"
  flare_dart:
    dependency: transitive
    description:
      name: flare_dart
      url: "https://pub.dartlang.org"
    source: hosted
    version: "2.3.4"
  flare_flutter:
    dependency: transitive
    description:
      name: flare_flutter
      url: "https://pub.dartlang.org"
    source: hosted
    version: "2.0.3"
  flare_loading:
    dependency: transitive
    description:
      name: flare_loading
      url: "https://pub.dartlang.org"
    source: hosted
    version: "2.1.1"
  flare_splash_screen:
    dependency: "direct main"
    description:
      name: flare_splash_screen
      url: "https://pub.dartlang.org"
    source: hosted
    version: "2.1.4"
  flutter:
    dependency: "direct main"
    description: flutter
    source: sdk
    version: "0.0.0"
  flutter_launcher_icons:
    dependency: "direct dev"
    description:
      name: flutter_launcher_icons
      url: "https://pub.dartlang.org"
    source: hosted
    version: "0.7.5"
  flutter_page_indicator:
    dependency: transitive
    description:
      name: flutter_page_indicator
      url: "https://pub.dartlang.org"
    source: hosted
    version: "0.0.3"
  flutter_rating_bar:
    dependency: "direct main"
    description:
      name: flutter_rating_bar
      url: "https://pub.dartlang.org"
    source: hosted
    version: "1.3.0+1"
  flutter_staggered_grid_view:
    dependency: "direct main"
    description:
      name: flutter_staggered_grid_view
      url: "https://pub.dartlang.org"
    source: hosted
    version: "0.3.0"
  flutter_svg:
    dependency: "direct main"
    description:
      name: flutter_svg
      url: "https://pub.dartlang.org"
    source: hosted
    version: "0.17.4"
  flutter_swiper:
    dependency: "direct main"
    description:
      name: flutter_swiper
      url: "https://pub.dartlang.org"
    source: hosted
    version: "1.1.6"
  flutter_test:
    dependency: "direct dev"
    description: flutter
    source: sdk
    version: "0.0.0"
  http:
    dependency: "direct main"
    description:
      name: http
      url: "https://pub.dartlang.org"
    source: hosted
    version: "0.12.1"
  http_parser:
    dependency: transitive
    description:
      name: http_parser
      url: "https://pub.dartlang.org"
    source: hosted
    version: "3.1.4"
  image:
    dependency: transitive
    description:
      name: image
      url: "https://pub.dartlang.org"
    source: hosted
    version: "2.1.12"
  infinite_listview:
    dependency: transitive
    description:
      name: infinite_listview
      url: "https://pub.dartlang.org"
    source: hosted
    version: "1.0.1+1"
  intl:
    dependency: "direct main"
    description:
      name: intl
      url: "https://pub.dartlang.org"
    source: hosted
    version: "0.16.1"
  matcher:
    dependency: transitive
    description:
      name: matcher
      url: "https://pub.dartlang.org"
    source: hosted
    version: "0.12.6"
  meta:
    dependency: transitive
    description:
      name: meta
      url: "https://pub.dartlang.org"
    source: hosted
    version: "1.1.8"
  numberpicker:
    dependency: "direct main"
    description:
      name: numberpicker
      url: "https://pub.dartlang.org"
    source: hosted
    version: "1.2.0"
  path:
    dependency: transitive
    description:
      name: path
      url: "https://pub.dartlang.org"
    source: hosted
    version: "1.6.4"
  path_drawing:
    dependency: transitive
    description:
      name: path_drawing
      url: "https://pub.dartlang.org"
    source: hosted
    version: "0.4.1"
  path_parsing:
    dependency: transitive
    description:
      name: path_parsing
      url: "https://pub.dartlang.org"
    source: hosted
    version: "0.1.4"
  pedantic:
    dependency: transitive
    description:
      name: pedantic
      url: "https://pub.dartlang.org"
    source: hosted
    version: "1.9.0"
  petitparser:
    dependency: transitive
    description:
      name: petitparser
      url: "https://pub.dartlang.org"
    source: hosted
    version: "2.4.0"
  pin_code_text_field:
    dependency: "direct main"
    description:
      name: pin_code_text_field
      url: "https://pub.dartlang.org"
    source: hosted
    version: "1.6.0"
  quiver:
    dependency: transitive
    description:
      name: quiver
      url: "https://pub.dartlang.org"
    source: hosted
    version: "2.1.3"
  rubber:
    dependency: "direct main"
    description:
      name: rubber
      url: "https://pub.dartlang.org"
    source: hosted
    version: "0.3.2"
  sky_engine:
    dependency: transitive
    description: flutter
    source: sdk
    version: "0.0.99"
  source_span:
    dependency: transitive
    description:
      name: source_span
      url: "https://pub.dartlang.org"
    source: hosted
    version: "1.7.0"
  stack_trace:
    dependency: transitive
    description:
      name: stack_trace
      url: "https://pub.dartlang.org"
    source: hosted
    version: "1.9.3"
  stream_channel:
    dependency: transitive
    description:
      name: stream_channel
      url: "https://pub.dartlang.org"
    source: hosted
    version: "2.0.0"
  string_scanner:
    dependency: transitive
    description:
      name: string_scanner
      url: "https://pub.dartlang.org"
    source: hosted
    version: "1.0.5"
  term_glyph:
    dependency: transitive
    description:
      name: term_glyph
      url: "https://pub.dartlang.org"
    source: hosted
    version: "1.1.0"
  test_api:
    dependency: transitive
    description:
      name: test_api
      url: "https://pub.dartlang.org"
    source: hosted
    version: "0.2.15"
  transformer_page_view:
    dependency: transitive
    description:
      name: transformer_page_view
      url: "https://pub.dartlang.org"
    source: hosted
    version: "0.1.6"
  typed_data:
    dependency: transitive
    description:
      name: typed_data
      url: "https://pub.dartlang.org"
    source: hosted
    version: "1.1.6"
  vector_math:
    dependency: transitive
    description:
      name: vector_math
      url: "https://pub.dartlang.org"
    source: hosted
    version: "2.0.8"
  xml:
    dependency: transitive
    description:
      name: xml
      url: "https://pub.dartlang.org"
    source: hosted
    version: "3.6.1"
  yaml:
    dependency: transitive
    description:
      name: yaml
      url: "https://pub.dartlang.org"
    source: hosted
    version: "2.2.1"
sdks:
  dart: ">=2.6.0 <3.0.0"
  flutter: ">=1.7.8 <2.0.0"
